
Microsoft Visual Studio Solution File, Format Version 12.00
# Visual Studio 15
VisualStudioVersion = 15.0.27130.2027
MinimumVisualStudioVersion = 10.0.40219.1
Project("{FAE04EC0-301F-11D3-BF4B-00C04F79EFBC}") = "Sloth Engine", "Sloth Engine\Sloth Engine.csproj", "{DEC5F184-5A5F-435F-B655-E116FC241428}"
EndProject
Project("{FAE04EC0-301F-11D3-BF4B-00C04F79EFBC}") = "MyGame", "MyGame\MyGame.csproj", "{23B20502-8CB2-48BF-9108-195EA48B3463}"
EndProject
Global
	GlobalSection(SolutionConfigurationPlatforms) = preSolution
		Debug|Any CPU = Debug|Any CPU
		Release|Any CPU = Release|Any CPU
	EndGlobalSection
	GlobalSection(ProjectConfigurationPlatforms) = postSolution
		{DEC5F184-5A5F-435F-B655-E116FC241428}.Debug|Any CPU.ActiveCfg = Debug|Any CPU
		{DEC5F184-5A5F-435F-B655-E116FC241428}.Debug|Any CPU.Build.0 = Debug|Any CPU
		{DEC5F184-5A5F-435F-B655-E116FC241428}.Release|Any CPU.ActiveCfg = Release|Any CPU
		{DEC5F184-5A5F-435F-B655-E116FC241428}.Release|Any CPU.Build.0 = Release|Any CPU
		{23B20502-8CB2-48BF-9108-195EA48B3463}.Debug|Any CPU.ActiveCfg = Debug|Any CPU
		{23B20502-8CB2-48BF-9108-195EA48B3463}.Debug|Any CPU.Build.0 = Debug|Any CPU
		{23B20502-8CB2-48BF-9108-195EA48B3463}.Release|Any CPU.ActiveCfg = Release|Any CPU
		{23B20502-8CB2-48BF-9108-195EA48B3463}.Release|Any CPU.Build.0 = Release|Any CPU
	EndGlobalSection
	GlobalSection(SolutionProperties) = preSolution
		HideSolutionNode = FALSE
	EndGlobalSection
	GlobalSection(ExtensibilityGlobals) = postSolution
		SolutionGuid = {2CAA0523-1C74-482D-8C42-9492A464ED29}
	EndGlobalSection
EndGlobal
